# This file was autogenerated by Stack.
# You should not edit this file by hand.
# For more information, please see the documentation at:
#   https://docs.haskellstack.org/en/stable/lock_files

packages:
- completed:
    commit: a4f2198f894810a729feb0f8d06301790ee8d1fb
    git: https://github.com/ucsd-progsys/liquidhaskell
    name: liquidhaskell
    pantry-tree:
      sha256: f4ed5616abda8f6d2367efa18841907cf0ac0ac55a78a811918f7286a0de3c14
      size: 327940
    subdir: .
    version: 0.8.10.7.1
  original:
    commit: a4f2198f894810a729feb0f8d06301790ee8d1fb
    git: https://github.com/ucsd-progsys/liquidhaskell
    subdir: .
- completed:
    commit: a4f2198f894810a729feb0f8d06301790ee8d1fb
    git: https://github.com/ucsd-progsys/liquidhaskell
    name: liquid-base
    pantry-tree:
      sha256: ec6292884597585ab0a007b242bf5c711466a9b91fd5f3b2fbcac3602594f140
      size: 15057
    subdir: liquid-base
    version: 4.14.3.0
  original:
    commit: a4f2198f894810a729feb0f8d06301790ee8d1fb
    git: https://github.com/ucsd-progsys/liquidhaskell
    subdir: liquid-base
- completed:
    commit: a4f2198f894810a729feb0f8d06301790ee8d1fb
    git: https://github.com/ucsd-progsys/liquidhaskell
    name: liquid-prelude
    pantry-tree:
      sha256: c7f41d6fe87cb7d02944834ff59c5d3c7f29b1bd0c83dec5095fed21362c2546
      size: 1029
    subdir: liquid-prelude
    version: 0.8.10.2
  original:
    commit: a4f2198f894810a729feb0f8d06301790ee8d1fb
    git: https://github.com/ucsd-progsys/liquidhaskell
    subdir: liquid-prelude
- completed:
    commit: a4f2198f894810a729feb0f8d06301790ee8d1fb
    git: https://github.com/ucsd-progsys/liquidhaskell
    name: liquid-ghc-prim
    pantry-tree:
      sha256: a1b1fbc8fda0d355f390bfe8ec3036e935b9d4c244217cce6e24363472cd66bd
      size: 912
    subdir: liquid-ghc-prim
    version: 0.6.1
  original:
    commit: a4f2198f894810a729feb0f8d06301790ee8d1fb
    git: https://github.com/ucsd-progsys/liquidhaskell
    subdir: liquid-ghc-prim
- completed:
    commit: a4f2198f894810a729feb0f8d06301790ee8d1fb
    git: https://github.com/ucsd-progsys/liquidhaskell
    name: liquid-containers
    pantry-tree:
      sha256: 64ab781aea3b709196876c58ec418a1e8ef93418c71ba7f373658641beabdc7b
      size: 2143
    subdir: liquid-containers
    version: 0.6.2.1
  original:
    commit: a4f2198f894810a729feb0f8d06301790ee8d1fb
    git: https://github.com/ucsd-progsys/liquidhaskell
    subdir: liquid-containers
- completed:
    commit: 08fa6b6e0001c2da6b96a135523ca56107a3c0d6
    git: https://github.com/ucsd-progsys/liquid-fixpoint
    name: liquid-fixpoint
    pantry-tree:
      sha256: 08c682e475986bae0560d92c115eff6561aea261be0a358a1aab72aa221aa4f4
      size: 22311
    version: 0.8.10.7.1
  original:
    commit: 08fa6b6e0001c2da6b96a135523ca56107a3c0d6
    git: https://github.com/ucsd-progsys/liquid-fixpoint
- completed:
    commit: 31e974979c90e910efe5199ee0d3721b791667f6
    git: https://github.com/facundominguez/rest
    name: rest-rewrite
    pantry-tree:
      sha256: 2a91674ccab6b0bd43dcc41fa5e2cb60cbfd35ad585df8293c2884466091d0c0
      size: 4013
    version: 0.2.0
  original:
    commit: 31e974979c90e910efe5199ee0d3721b791667f6
    git: https://github.com/facundominguez/rest
snapshots:
- completed:
    sha256: 79a786674930a89301b0e908fad2822a48882f3d01486117693c377b8edffdbe
    size: 590102
    url: https://raw.githubusercontent.com/commercialhaskell/stackage-snapshots/master/lts/18/27.yaml
  original: lts-18.27
